
Microsoft Visual Studio Solution File, Format Version 12.00
# Visual Studio Version 16
VisualStudioVersion = 16.0.30611.23
MinimumVisualStudioVersion = 10.0.40219.1
Project("{9A19103F-16F7-4668-BE54-9A1E7A4F7556}") = "BragiBlogPoster", "BragiBlogPoster.csproj", "{387A3833-3274-4B60-82FB-B0ACB2E0D544}"
EndProject
Global
	GlobalSection(SolutionConfigurationPlatforms) = preSolution
		Debug|Any CPU = Debug|Any CPU
		Release|Any CPU = Release|Any CPU
	EndGlobalSection
	GlobalSection(ProjectConfigurationPlatforms) = postSolution
		{387A3833-3274-4B60-82FB-B0ACB2E0D544}.Debug|Any CPU.ActiveCfg = Debug|Any CPU
		{387A3833-3274-4B60-82FB-B0ACB2E0D544}.Debug|Any CPU.Build.0 = Debug|Any CPU
		{387A3833-3274-4B60-82FB-B0ACB2E0D544}.Release|Any CPU.ActiveCfg = Release|Any CPU
		{387A3833-3274-4B60-82FB-B0ACB2E0D544}.Release|Any CPU.Build.0 = Release|Any CPU
	EndGlobalSection
	GlobalSection(SolutionProperties) = preSolution
		HideSolutionNode = FALSE
	EndGlobalSection
	GlobalSection(ExtensibilityGlobals) = postSolution
		SolutionGuid = {2EF6FA2A-2986-418E-88D7-E4CD2F9DE526}
	EndGlobalSection
EndGlobal
